
Microsoft Visual Studio Solution File, Format Version 12.00
# Visual Studio 15
VisualStudioVersion = 15.0.28010.2046
MinimumVisualStudioVersion = 10.0.40219.1
Project("{8BC9CEB8-8B4A-11D0-8D11-00A0C91BC942}") = "fifteen_puzzle_solver", "fifteen_puzzle_solver\fifteen_puzzle_solver.vcxproj", "{6BA08C94-B8C2-41FD-8A97-449A2983344B}"
EndProject
Project("{8BC9CEB8-8B4A-11D0-8D11-00A0C91BC942}") = "test_puzzle", "test_puzzle\test_puzzle.vcxproj", "{DF045F13-6B3B-4E94-A05B-DB7FEFF6547C}"
EndProject
Project("{8BC9CEB8-8B4A-11D0-8D11-00A0C91BC942}") = "Test Methods", "Test Methods\Test Methods.vcxproj", "{5BE5A36A-9E1D-4741-A249-9AFE052FC1E6}"
EndProject
Global
	GlobalSection(SolutionConfigurationPlatforms) = preSolution
		Debug|x64 = Debug|x64
		Debug|x86 = Debug|x86
		Release|x64 = Release|x64
		Release|x86 = Release|x86
	EndGlobalSection
	GlobalSection(ProjectConfigurationPlatforms) = postSolution
		{6BA08C94-B8C2-41FD-8A97-449A2983344B}.Debug|x64.ActiveCfg = Debug|x64
		{6BA08C94-B8C2-41FD-8A97-449A2983344B}.Debug|x64.Build.0 = Debug|x64
		{6BA08C94-B8C2-41FD-8A97-449A2983344B}.Debug|x86.ActiveCfg = Debug|Win32
		{6BA08C94-B8C2-41FD-8A97-449A2983344B}.Debug|x86.Build.0 = Debug|Win32
		{6BA08C94-B8C2-41FD-8A97-449A2983344B}.Release|x64.ActiveCfg = Release|x64
		{6BA08C94-B8C2-41FD-8A97-449A2983344B}.Release|x64.Build.0 = Release|x64
		{6BA08C94-B8C2-41FD-8A97-449A2983344B}.Release|x86.ActiveCfg = Release|Win32
		{6BA08C94-B8C2-41FD-8A97-449A2983344B}.Release|x86.Build.0 = Release|Win32
		{DF045F13-6B3B-4E94-A05B-DB7FEFF6547C}.Debug|x64.ActiveCfg = Debug|x64
		{DF045F13-6B3B-4E94-A05B-DB7FEFF6547C}.Debug|x64.Build.0 = Debug|x64
		{DF045F13-6B3B-4E94-A05B-DB7FEFF6547C}.Debug|x86.ActiveCfg = Debug|Win32
		{DF045F13-6B3B-4E94-A05B-DB7FEFF6547C}.Debug|x86.Build.0 = Debug|Win32
		{DF045F13-6B3B-4E94-A05B-DB7FEFF6547C}.Release|x64.ActiveCfg = Release|x64
		{DF045F13-6B3B-4E94-A05B-DB7FEFF6547C}.Release|x64.Build.0 = Release|x64
		{DF045F13-6B3B-4E94-A05B-DB7FEFF6547C}.Release|x86.ActiveCfg = Release|Win32
		{DF045F13-6B3B-4E94-A05B-DB7FEFF6547C}.Release|x86.Build.0 = Release|Win32
		{5BE5A36A-9E1D-4741-A249-9AFE052FC1E6}.Debug|x64.ActiveCfg = Debug|x64
		{5BE5A36A-9E1D-4741-A249-9AFE052FC1E6}.Debug|x64.Build.0 = Debug|x64
		{5BE5A36A-9E1D-4741-A249-9AFE052FC1E6}.Debug|x86.ActiveCfg = Debug|Win32
		{5BE5A36A-9E1D-4741-A249-9AFE052FC1E6}.Debug|x86.Build.0 = Debug|Win32
		{5BE5A36A-9E1D-4741-A249-9AFE052FC1E6}.Release|x64.ActiveCfg = Release|x64
		{5BE5A36A-9E1D-4741-A249-9AFE052FC1E6}.Release|x64.Build.0 = Release|x64
		{5BE5A36A-9E1D-4741-A249-9AFE052FC1E6}.Release|x86.ActiveCfg = Release|Win32
		{5BE5A36A-9E1D-4741-A249-9AFE052FC1E6}.Release|x86.Build.0 = Release|Win32
	EndGlobalSection
	GlobalSection(SolutionProperties) = preSolution
		HideSolutionNode = FALSE
	EndGlobalSection
	GlobalSection(ExtensibilityGlobals) = postSolution
		SolutionGuid = {0C41059C-14FC-40A1-8BD3-1480FC4B2F7D}
	EndGlobalSection
EndGlobal
